
Microsoft Visual Studio Solution File, Format Version 12.00
# Visual Studio Version 17
VisualStudioVersion = 17.4.33205.214
MinimumVisualStudioVersion = 10.0.40219.1
Project("{9A19103F-16F7-4668-BE54-9A1E7A4F7556}") = "Threads", "Threads\Threads.csproj", "{5F14C62D-96D8-4650-9ED0-3B6F05A95403}"
EndProject
Project("{9A19103F-16F7-4668-BE54-9A1E7A4F7556}") = "DancingBars", "DancingBars\DancingBars.csproj", "{7BDD9923-DDAF-46BE-82B9-100779189DCE}"
EndProject
Project("{9A19103F-16F7-4668-BE54-9A1E7A4F7556}") = "TextStatisticReporter", "TextStatisticReporter\TextStatisticReporter.csproj", "{8D1705F2-178E-4EEB-B483-909AECD8DA6E}"
EndProject
Project("{FAE04EC0-301F-11D3-BF4B-00C04F79EFBC}") = "TxtFilesStatistic", "TxtFilesStatistic\TxtFilesStatistic.csproj", "{0DA11C17-C52C-4FAB-81CD-FA192182D058}"
EndProject
Global
	GlobalSection(SolutionConfigurationPlatforms) = preSolution
		Debug|Any CPU = Debug|Any CPU
		Release|Any CPU = Release|Any CPU
	EndGlobalSection
	GlobalSection(ProjectConfigurationPlatforms) = postSolution
		{5F14C62D-96D8-4650-9ED0-3B6F05A95403}.Debug|Any CPU.ActiveCfg = Debug|Any CPU
		{5F14C62D-96D8-4650-9ED0-3B6F05A95403}.Debug|Any CPU.Build.0 = Debug|Any CPU
		{5F14C62D-96D8-4650-9ED0-3B6F05A95403}.Release|Any CPU.ActiveCfg = Release|Any CPU
		{5F14C62D-96D8-4650-9ED0-3B6F05A95403}.Release|Any CPU.Build.0 = Release|Any CPU
		{7BDD9923-DDAF-46BE-82B9-100779189DCE}.Debug|Any CPU.ActiveCfg = Debug|Any CPU
		{7BDD9923-DDAF-46BE-82B9-100779189DCE}.Debug|Any CPU.Build.0 = Debug|Any CPU
		{7BDD9923-DDAF-46BE-82B9-100779189DCE}.Release|Any CPU.ActiveCfg = Release|Any CPU
		{7BDD9923-DDAF-46BE-82B9-100779189DCE}.Release|Any CPU.Build.0 = Release|Any CPU
		{8D1705F2-178E-4EEB-B483-909AECD8DA6E}.Debug|Any CPU.ActiveCfg = Debug|Any CPU
		{8D1705F2-178E-4EEB-B483-909AECD8DA6E}.Debug|Any CPU.Build.0 = Debug|Any CPU
		{8D1705F2-178E-4EEB-B483-909AECD8DA6E}.Release|Any CPU.ActiveCfg = Release|Any CPU
		{8D1705F2-178E-4EEB-B483-909AECD8DA6E}.Release|Any CPU.Build.0 = Release|Any CPU
		{0DA11C17-C52C-4FAB-81CD-FA192182D058}.Debug|Any CPU.ActiveCfg = Debug|Any CPU
		{0DA11C17-C52C-4FAB-81CD-FA192182D058}.Debug|Any CPU.Build.0 = Debug|Any CPU
		{0DA11C17-C52C-4FAB-81CD-FA192182D058}.Release|Any CPU.ActiveCfg = Release|Any CPU
		{0DA11C17-C52C-4FAB-81CD-FA192182D058}.Release|Any CPU.Build.0 = Release|Any CPU
	EndGlobalSection
	GlobalSection(SolutionProperties) = preSolution
		HideSolutionNode = FALSE
	EndGlobalSection
	GlobalSection(ExtensibilityGlobals) = postSolution
		SolutionGuid = {81F8294F-B08D-4A93-855C-E257F011A5CB}
	EndGlobalSection
EndGlobal
